
Microsoft Visual Studio Solution File, Format Version 12.00
# Visual Studio Version 17
VisualStudioVersion = 17.9.34728.123
MinimumVisualStudioVersion = 10.0.40219.1
Project("{FAE04EC0-301F-11D3-BF4B-00C04F79EFBC}") = "Lab project", "Lab project\Lab project.csproj", "{B546EC22-71B9-42C3-99B5-7007141C66F6}"
EndProject
Global
	GlobalSection(SolutionConfigurationPlatforms) = preSolution
		Debug|Any CPU = Debug|Any CPU
		Release|Any CPU = Release|Any CPU
	EndGlobalSection
	GlobalSection(ProjectConfigurationPlatforms) = postSolution
		{B546EC22-71B9-42C3-99B5-7007141C66F6}.Debug|Any CPU.ActiveCfg = Debug|Any CPU
		{B546EC22-71B9-42C3-99B5-7007141C66F6}.Debug|Any CPU.Build.0 = Debug|Any CPU
		{B546EC22-71B9-42C3-99B5-7007141C66F6}.Release|Any CPU.ActiveCfg = Release|Any CPU
		{B546EC22-71B9-42C3-99B5-7007141C66F6}.Release|Any CPU.Build.0 = Release|Any CPU
	EndGlobalSection
	GlobalSection(SolutionProperties) = preSolution
		HideSolutionNode = FALSE
	EndGlobalSection
	GlobalSection(ExtensibilityGlobals) = postSolution
		SolutionGuid = {A7AD64F6-C00A-4BD6-8423-E42E8632F317}
	EndGlobalSection
EndGlobal
