
Microsoft Visual Studio Solution File, Format Version 12.00
# Visual Studio Version 16
VisualStudioVersion = 16.0.32106.194
MinimumVisualStudioVersion = 10.0.40219.1
Project("{FAE04EC0-301F-11D3-BF4B-00C04F79EFBC}") = "WebLab2", "WebLab2\WebLab2.csproj", "{8DBA8A8F-54D5-49DE-AAEF-49EC26207286}"
EndProject
Global
	GlobalSection(SolutionConfigurationPlatforms) = preSolution
		Debug|Any CPU = Debug|Any CPU
		Release|Any CPU = Release|Any CPU
	EndGlobalSection
	GlobalSection(ProjectConfigurationPlatforms) = postSolution
		{8DBA8A8F-54D5-49DE-AAEF-49EC26207286}.Debug|Any CPU.ActiveCfg = Debug|Any CPU
		{8DBA8A8F-54D5-49DE-AAEF-49EC26207286}.Debug|Any CPU.Build.0 = Debug|Any CPU
		{8DBA8A8F-54D5-49DE-AAEF-49EC26207286}.Release|Any CPU.ActiveCfg = Release|Any CPU
		{8DBA8A8F-54D5-49DE-AAEF-49EC26207286}.Release|Any CPU.Build.0 = Release|Any CPU
	EndGlobalSection
	GlobalSection(SolutionProperties) = preSolution
		HideSolutionNode = FALSE
	EndGlobalSection
	GlobalSection(ExtensibilityGlobals) = postSolution
		SolutionGuid = {22DBA3DC-7D93-4BEF-B013-5E2BB5CD0BE3}
	EndGlobalSection
EndGlobal
