
Microsoft Visual Studio Solution File, Format Version 12.00
# Visual Studio Version 17
VisualStudioVersion = 17.9.34728.123
MinimumVisualStudioVersion = 10.0.40219.1
Project("{FAE04EC0-301F-11D3-BF4B-00C04F79EFBC}") = "Giggle Garments MVC", "Giggle Garments MVC\Giggle Garments MVC.csproj", "{3AC340C7-EE1F-48AF-AB36-EFDDA5B6E341}"
EndProject
Global
	GlobalSection(SolutionConfigurationPlatforms) = preSolution
		Debug|Any CPU = Debug|Any CPU
		Release|Any CPU = Release|Any CPU
	EndGlobalSection
	GlobalSection(ProjectConfigurationPlatforms) = postSolution
		{3AC340C7-EE1F-48AF-AB36-EFDDA5B6E341}.Debug|Any CPU.ActiveCfg = Debug|Any CPU
		{3AC340C7-EE1F-48AF-AB36-EFDDA5B6E341}.Debug|Any CPU.Build.0 = Debug|Any CPU
		{3AC340C7-EE1F-48AF-AB36-EFDDA5B6E341}.Release|Any CPU.ActiveCfg = Release|Any CPU
		{3AC340C7-EE1F-48AF-AB36-EFDDA5B6E341}.Release|Any CPU.Build.0 = Release|Any CPU
	EndGlobalSection
	GlobalSection(SolutionProperties) = preSolution
		HideSolutionNode = FALSE
	EndGlobalSection
	GlobalSection(ExtensibilityGlobals) = postSolution
		SolutionGuid = {B998BE99-0500-4C6C-BED6-1F97160E0FA9}
	EndGlobalSection
EndGlobal
