
Microsoft Visual Studio Solution File, Format Version 12.00
# Visual Studio Version 16
VisualStudioVersion = 16.0.32106.194
MinimumVisualStudioVersion = 10.0.40219.1
Project("{FAE04EC0-301F-11D3-BF4B-00C04F79EFBC}") = "QueenLocalDataHandling", "QueenLocalDataHandling\QueenLocalDataHandling.csproj", "{664994D8-D8F4-4A3F-A1A3-0C1F7064EE19}"
EndProject
Global
	GlobalSection(SolutionConfigurationPlatforms) = preSolution
		Debug|Any CPU = Debug|Any CPU
		Release|Any CPU = Release|Any CPU
	EndGlobalSection
	GlobalSection(ProjectConfigurationPlatforms) = postSolution
		{664994D8-D8F4-4A3F-A1A3-0C1F7064EE19}.Debug|Any CPU.ActiveCfg = Debug|Any CPU
		{664994D8-D8F4-4A3F-A1A3-0C1F7064EE19}.Debug|Any CPU.Build.0 = Debug|Any CPU
		{664994D8-D8F4-4A3F-A1A3-0C1F7064EE19}.Release|Any CPU.ActiveCfg = Release|Any CPU
		{664994D8-D8F4-4A3F-A1A3-0C1F7064EE19}.Release|Any CPU.Build.0 = Release|Any CPU
	EndGlobalSection
	GlobalSection(SolutionProperties) = preSolution
		HideSolutionNode = FALSE
	EndGlobalSection
	GlobalSection(ExtensibilityGlobals) = postSolution
		SolutionGuid = {C6ED9148-33F3-455C-90EC-E40170DAE663}
	EndGlobalSection
EndGlobal
